
Microsoft Visual Studio Solution File, Format Version 12.00
# Visual Studio Version 17
VisualStudioVersion = 17.4.33122.133
MinimumVisualStudioVersion = 10.0.40219.1
Project("{FAE04EC0-301F-11D3-BF4B-00C04F79EFBC}") = "FormularioTXT", "FormularioTXT\FormularioTXT.csproj", "{00233576-5C32-42A6-A6AD-C851E02BC07D}"
EndProject
Global
	GlobalSection(SolutionConfigurationPlatforms) = preSolution
		Debug|Any CPU = Debug|Any CPU
		Release|Any CPU = Release|Any CPU
	EndGlobalSection
	GlobalSection(ProjectConfigurationPlatforms) = postSolution
		{00233576-5C32-42A6-A6AD-C851E02BC07D}.Debug|Any CPU.ActiveCfg = Debug|Any CPU
		{00233576-5C32-42A6-A6AD-C851E02BC07D}.Debug|Any CPU.Build.0 = Debug|Any CPU
		{00233576-5C32-42A6-A6AD-C851E02BC07D}.Release|Any CPU.ActiveCfg = Release|Any CPU
		{00233576-5C32-42A6-A6AD-C851E02BC07D}.Release|Any CPU.Build.0 = Release|Any CPU
	EndGlobalSection
	GlobalSection(SolutionProperties) = preSolution
		HideSolutionNode = FALSE
	EndGlobalSection
	GlobalSection(ExtensibilityGlobals) = postSolution
		SolutionGuid = {13A9AC40-376D-4016-83D1-EC787E2B7816}
	EndGlobalSection
EndGlobal
